
Microsoft Visual Studio Solution File, Format Version 12.00
# Visual Studio Version 17
VisualStudioVersion = 17.3.32811.315
MinimumVisualStudioVersion = 10.0.40219.1
Project("{FAE04EC0-301F-11D3-BF4B-00C04F79EFBC}") = "BulkyBooksWeb", "BulkyBooksWeb\BulkyBooksWeb.csproj", "{048CDDB5-E5D4-4410-816A-E04CB959BB84}"
EndProject
Global
	GlobalSection(SolutionConfigurationPlatforms) = preSolution
		Debug|Any CPU = Debug|Any CPU
		Release|Any CPU = Release|Any CPU
	EndGlobalSection
	GlobalSection(ProjectConfigurationPlatforms) = postSolution
		{048CDDB5-E5D4-4410-816A-E04CB959BB84}.Debug|Any CPU.ActiveCfg = Debug|Any CPU
		{048CDDB5-E5D4-4410-816A-E04CB959BB84}.Debug|Any CPU.Build.0 = Debug|Any CPU
		{048CDDB5-E5D4-4410-816A-E04CB959BB84}.Release|Any CPU.ActiveCfg = Release|Any CPU
		{048CDDB5-E5D4-4410-816A-E04CB959BB84}.Release|Any CPU.Build.0 = Release|Any CPU
	EndGlobalSection
	GlobalSection(SolutionProperties) = preSolution
		HideSolutionNode = FALSE
	EndGlobalSection
	GlobalSection(ExtensibilityGlobals) = postSolution
		SolutionGuid = {56FC0A89-FF1F-4A22-B01B-19A6DB37244C}
	EndGlobalSection
EndGlobal
